
Microsoft Visual Studio Solution File, Format Version 12.00
# Visual Studio Version 16
VisualStudioVersion = 16.0.31005.135
MinimumVisualStudioVersion = 10.0.40219.1
Project("{FAE04EC0-301F-11D3-BF4B-00C04F79EFBC}") = "RefresherSample", "RefresherSampleFramework\RefresherSample.csproj", "{9B9BBA01-F54E-4E1A-B57E-EF7B7375F9E1}"
EndProject
Project("{FAE04EC0-301F-11D3-BF4B-00C04F79EFBC}") = "SampleData", "SampleData\SampleData.csproj", "{E81246D1-83FB-4F3A-9D97-30771240C713}"
EndProject
Global
	GlobalSection(SolutionConfigurationPlatforms) = preSolution
		Debug|Any CPU = Debug|Any CPU
		Release|Any CPU = Release|Any CPU
	EndGlobalSection
	GlobalSection(ProjectConfigurationPlatforms) = postSolution
		{9B9BBA01-F54E-4E1A-B57E-EF7B7375F9E1}.Debug|Any CPU.ActiveCfg = Debug|Any CPU
		{9B9BBA01-F54E-4E1A-B57E-EF7B7375F9E1}.Debug|Any CPU.Build.0 = Debug|Any CPU
		{9B9BBA01-F54E-4E1A-B57E-EF7B7375F9E1}.Release|Any CPU.ActiveCfg = Release|Any CPU
		{9B9BBA01-F54E-4E1A-B57E-EF7B7375F9E1}.Release|Any CPU.Build.0 = Release|Any CPU
		{E81246D1-83FB-4F3A-9D97-30771240C713}.Debug|Any CPU.ActiveCfg = Debug|Any CPU
		{E81246D1-83FB-4F3A-9D97-30771240C713}.Debug|Any CPU.Build.0 = Debug|Any CPU
		{E81246D1-83FB-4F3A-9D97-30771240C713}.Release|Any CPU.ActiveCfg = Release|Any CPU
		{E81246D1-83FB-4F3A-9D97-30771240C713}.Release|Any CPU.Build.0 = Release|Any CPU
	EndGlobalSection
	GlobalSection(SolutionProperties) = preSolution
		HideSolutionNode = FALSE
	EndGlobalSection
	GlobalSection(ExtensibilityGlobals) = postSolution
		SolutionGuid = {B7F38572-54C5-453D-8A30-CBB3DF81CF83}
	EndGlobalSection
EndGlobal
