
Microsoft Visual Studio Solution File, Format Version 12.00
# Visual Studio Version 17
VisualStudioVersion = 17.14.36705.20
MinimumVisualStudioVersion = 10.0.40219.1
Project("{FAE04EC0-301F-11D3-BF4B-00C04F79EFBC}") = "NHibernateSample", "NHibernate\NHibernateSample.csproj", "{B9AF8C77-4AED-4564-A1AE-5AD9C2FE2BBC}"
EndProject
Global
	GlobalSection(SolutionConfigurationPlatforms) = preSolution
		Debug|Any CPU = Debug|Any CPU
		Release|Any CPU = Release|Any CPU
	EndGlobalSection
	GlobalSection(ProjectConfigurationPlatforms) = postSolution
		{B9AF8C77-4AED-4564-A1AE-5AD9C2FE2BBC}.Debug|Any CPU.ActiveCfg = Debug|Any CPU
		{B9AF8C77-4AED-4564-A1AE-5AD9C2FE2BBC}.Debug|Any CPU.Build.0 = Debug|Any CPU
		{B9AF8C77-4AED-4564-A1AE-5AD9C2FE2BBC}.Release|Any CPU.ActiveCfg = Release|Any CPU
		{B9AF8C77-4AED-4564-A1AE-5AD9C2FE2BBC}.Release|Any CPU.Build.0 = Release|Any CPU
	EndGlobalSection
	GlobalSection(SolutionProperties) = preSolution
		HideSolutionNode = FALSE
	EndGlobalSection
	GlobalSection(ExtensibilityGlobals) = postSolution
		SolutionGuid = {A05C4104-B29C-49DC-A9E4-357967E135FE}
	EndGlobalSection
EndGlobal
