
Microsoft Visual Studio Solution File, Format Version 12.00
# Visual Studio Version 16
VisualStudioVersion = 16.0.30114.105
MinimumVisualStudioVersion = 10.0.40219.1
Project("{9A19103F-16F7-4668-BE54-9A1E7A4F7556}") = "Api", "Api\Api.csproj", "{CC2D1E48-51E5-40F4-9C0C-BC68A95B28CC}"
EndProject
Project("{9A19103F-16F7-4668-BE54-9A1E7A4F7556}") = "IdentityServer", "IdentityServer\IdentityServer.csproj", "{32DA62DF-1F4A-4A36-A6ED-D30C9B0A444A}"
EndProject
Project("{9A19103F-16F7-4668-BE54-9A1E7A4F7556}") = "JavaScriptClient", "JavaScriptClient\JavaScriptClient.csproj", "{FB61D7BB-BDDB-4ED2-8CFB-41FAEE8BDB76}"
EndProject
Project("{9A19103F-16F7-4668-BE54-9A1E7A4F7556}") = "MvcClient", "MvcClient\MvcClient.csproj", "{0251A8F3-3D51-46E2-9E27-FEE12E690746}"
EndProject
Global
	GlobalSection(SolutionConfigurationPlatforms) = preSolution
		Debug|Any CPU = Debug|Any CPU
		Release|Any CPU = Release|Any CPU
	EndGlobalSection
	GlobalSection(ProjectConfigurationPlatforms) = postSolution
		{CC2D1E48-51E5-40F4-9C0C-BC68A95B28CC}.Debug|Any CPU.ActiveCfg = Debug|Any CPU
		{CC2D1E48-51E5-40F4-9C0C-BC68A95B28CC}.Debug|Any CPU.Build.0 = Debug|Any CPU
		{CC2D1E48-51E5-40F4-9C0C-BC68A95B28CC}.Release|Any CPU.ActiveCfg = Release|Any CPU
		{CC2D1E48-51E5-40F4-9C0C-BC68A95B28CC}.Release|Any CPU.Build.0 = Release|Any CPU
		{32DA62DF-1F4A-4A36-A6ED-D30C9B0A444A}.Debug|Any CPU.ActiveCfg = Debug|Any CPU
		{32DA62DF-1F4A-4A36-A6ED-D30C9B0A444A}.Debug|Any CPU.Build.0 = Debug|Any CPU
		{32DA62DF-1F4A-4A36-A6ED-D30C9B0A444A}.Release|Any CPU.ActiveCfg = Release|Any CPU
		{32DA62DF-1F4A-4A36-A6ED-D30C9B0A444A}.Release|Any CPU.Build.0 = Release|Any CPU
		{FB61D7BB-BDDB-4ED2-8CFB-41FAEE8BDB76}.Debug|Any CPU.ActiveCfg = Debug|Any CPU
		{FB61D7BB-BDDB-4ED2-8CFB-41FAEE8BDB76}.Debug|Any CPU.Build.0 = Debug|Any CPU
		{FB61D7BB-BDDB-4ED2-8CFB-41FAEE8BDB76}.Release|Any CPU.ActiveCfg = Release|Any CPU
		{FB61D7BB-BDDB-4ED2-8CFB-41FAEE8BDB76}.Release|Any CPU.Build.0 = Release|Any CPU
		{0251A8F3-3D51-46E2-9E27-FEE12E690746}.Debug|Any CPU.ActiveCfg = Debug|Any CPU
		{0251A8F3-3D51-46E2-9E27-FEE12E690746}.Debug|Any CPU.Build.0 = Debug|Any CPU
		{0251A8F3-3D51-46E2-9E27-FEE12E690746}.Release|Any CPU.ActiveCfg = Release|Any CPU
		{0251A8F3-3D51-46E2-9E27-FEE12E690746}.Release|Any CPU.Build.0 = Release|Any CPU
	EndGlobalSection
	GlobalSection(SolutionProperties) = preSolution
		HideSolutionNode = FALSE
	EndGlobalSection
	GlobalSection(ExtensibilityGlobals) = postSolution
		SolutionGuid = {9EB0FA9D-CEB5-4AD7-AEAD-1A23B6D9A7C1}
	EndGlobalSection
EndGlobal
