
Microsoft Visual Studio Solution File, Format Version 12.00
# Visual Studio Version 17
VisualStudioVersion = 17.14.36705.20 d17.14
MinimumVisualStudioVersion = 10.0.40219.1
Project("{FAE04EC0-301F-11D3-BF4B-00C04F79EFBC}") = "BackingSourceUsage", "BackingSource\BackingSourceUsage.csproj", "{DC97FBD4-38F4-46FF-8CAD-7E18F5E2CD20}"
EndProject
Project("{FAE04EC0-301F-11D3-BF4B-00C04F79EFBC}") = "BackingSourceProvider", "BackingSourceProvider\BackingSourceProvider.csproj", "{192CE4C7-D2A5-4E28-AB86-78B3C81CB70B}"
EndProject
Project("{FAE04EC0-301F-11D3-BF4B-00C04F79EFBC}") = "SampleData", "..\SampleData\SampleData\SampleData.csproj", "{3E7DEDAE-496D-4908-9E22-D7B7254D192E}"
EndProject
Global
	GlobalSection(SolutionConfigurationPlatforms) = preSolution
		Debug|Any CPU = Debug|Any CPU
		Release|Any CPU = Release|Any CPU
	EndGlobalSection
	GlobalSection(ProjectConfigurationPlatforms) = postSolution
		{DC97FBD4-38F4-46FF-8CAD-7E18F5E2CD20}.Debug|Any CPU.ActiveCfg = Debug|Any CPU
		{DC97FBD4-38F4-46FF-8CAD-7E18F5E2CD20}.Debug|Any CPU.Build.0 = Debug|Any CPU
		{DC97FBD4-38F4-46FF-8CAD-7E18F5E2CD20}.Release|Any CPU.ActiveCfg = Release|Any CPU
		{DC97FBD4-38F4-46FF-8CAD-7E18F5E2CD20}.Release|Any CPU.Build.0 = Release|Any CPU
		{192CE4C7-D2A5-4E28-AB86-78B3C81CB70B}.Debug|Any CPU.ActiveCfg = Debug|Any CPU
		{192CE4C7-D2A5-4E28-AB86-78B3C81CB70B}.Debug|Any CPU.Build.0 = Debug|Any CPU
		{192CE4C7-D2A5-4E28-AB86-78B3C81CB70B}.Release|Any CPU.ActiveCfg = Release|Any CPU
		{192CE4C7-D2A5-4E28-AB86-78B3C81CB70B}.Release|Any CPU.Build.0 = Release|Any CPU
		{3E7DEDAE-496D-4908-9E22-D7B7254D192E}.Debug|Any CPU.ActiveCfg = Debug|Any CPU
		{3E7DEDAE-496D-4908-9E22-D7B7254D192E}.Debug|Any CPU.Build.0 = Debug|Any CPU
		{3E7DEDAE-496D-4908-9E22-D7B7254D192E}.Release|Any CPU.ActiveCfg = Release|Any CPU
		{3E7DEDAE-496D-4908-9E22-D7B7254D192E}.Release|Any CPU.Build.0 = Release|Any CPU
	EndGlobalSection
	GlobalSection(SolutionProperties) = preSolution
		HideSolutionNode = FALSE
	EndGlobalSection
	GlobalSection(ExtensibilityGlobals) = postSolution
		SolutionGuid = {AE16DC8C-EB4F-40C1-859C-78DA78B2AAE3}
	EndGlobalSection
EndGlobal
