
Microsoft Visual Studio Solution File, Format Version 12.00
# Visual Studio Version 17
VisualStudioVersion = 17.14.36603.0
MinimumVisualStudioVersion = 10.0.40219.1
Project("{FAE04EC0-301F-11D3-BF4B-00C04F79EFBC}") = "SignalRChat", "SignalRChat\SignalRChat.csproj", "{E3DE6EB5-467B-1AA5-6E8A-6378167B8D76}"
EndProject
Global
	GlobalSection(SolutionConfigurationPlatforms) = preSolution
		Debug|Any CPU = Debug|Any CPU
		Release|Any CPU = Release|Any CPU
	EndGlobalSection
	GlobalSection(ProjectConfigurationPlatforms) = postSolution
		{E3DE6EB5-467B-1AA5-6E8A-6378167B8D76}.Debug|Any CPU.ActiveCfg = Debug|Any CPU
		{E3DE6EB5-467B-1AA5-6E8A-6378167B8D76}.Debug|Any CPU.Build.0 = Debug|Any CPU
		{E3DE6EB5-467B-1AA5-6E8A-6378167B8D76}.Release|Any CPU.ActiveCfg = Release|Any CPU
		{E3DE6EB5-467B-1AA5-6E8A-6378167B8D76}.Release|Any CPU.Build.0 = Release|Any CPU
	EndGlobalSection
	GlobalSection(SolutionProperties) = preSolution
		HideSolutionNode = FALSE
	EndGlobalSection
	GlobalSection(ExtensibilityGlobals) = postSolution
		SolutionGuid = {572136BF-7B09-41C5-959C-6C5416B4AE0A}
	EndGlobalSection
EndGlobal
