
Microsoft Visual Studio Solution File, Format Version 12.00
# Visual Studio Version 17
VisualStudioVersion = 17.14.36603.0 d17.14
MinimumVisualStudioVersion = 10.0.40219.1
Project("{FAE04EC0-301F-11D3-BF4B-00C04F79EFBC}") = "CacheItemVersioning", "CacheItemVersioning\CacheItemVersioning.csproj", "{0A2AFB7C-A25E-44DA-BB4E-4478AF76959F}"
EndProject
Project("{FAE04EC0-301F-11D3-BF4B-00C04F79EFBC}") = "SampleData", "..\SampleData\SampleData\SampleData.csproj", "{C395576A-5402-22A0-5EF0-84C9C4E3EB05}"
EndProject
Global
	GlobalSection(SolutionConfigurationPlatforms) = preSolution
		Debug|Any CPU = Debug|Any CPU
		Release|Any CPU = Release|Any CPU
	EndGlobalSection
	GlobalSection(ProjectConfigurationPlatforms) = postSolution
		{0A2AFB7C-A25E-44DA-BB4E-4478AF76959F}.Debug|Any CPU.ActiveCfg = Debug|Any CPU
		{0A2AFB7C-A25E-44DA-BB4E-4478AF76959F}.Debug|Any CPU.Build.0 = Debug|Any CPU
		{0A2AFB7C-A25E-44DA-BB4E-4478AF76959F}.Release|Any CPU.ActiveCfg = Release|Any CPU
		{0A2AFB7C-A25E-44DA-BB4E-4478AF76959F}.Release|Any CPU.Build.0 = Release|Any CPU
		{C395576A-5402-22A0-5EF0-84C9C4E3EB05}.Debug|Any CPU.ActiveCfg = Debug|Any CPU
		{C395576A-5402-22A0-5EF0-84C9C4E3EB05}.Debug|Any CPU.Build.0 = Debug|Any CPU
		{C395576A-5402-22A0-5EF0-84C9C4E3EB05}.Release|Any CPU.ActiveCfg = Release|Any CPU
		{C395576A-5402-22A0-5EF0-84C9C4E3EB05}.Release|Any CPU.Build.0 = Release|Any CPU
	EndGlobalSection
	GlobalSection(SolutionProperties) = preSolution
		HideSolutionNode = FALSE
	EndGlobalSection
	GlobalSection(ExtensibilityGlobals) = postSolution
		SolutionGuid = {2A585FF6-A2D6-4632-A4D3-FC41AB5B1954}
	EndGlobalSection
EndGlobal
