
Microsoft Visual Studio Solution File, Format Version 12.00
# Visual Studio Version 17
VisualStudioVersion = 17.14.36705.20 d17.14
MinimumVisualStudioVersion = 10.0.40219.1
Project("{FAE04EC0-301F-11D3-BF4B-00C04F79EFBC}") = "DistributedQueue", "DistributedQueue\DistributedQueue.csproj", "{0329C73C-27DF-419C-BEDC-F4AB20F043AD}"
EndProject
Project("{FAE04EC0-301F-11D3-BF4B-00C04F79EFBC}") = "SampleData", "..\..\SampleData\SampleData\SampleData.csproj", "{3E7DEDAE-496D-4908-9E22-D7B7254D192E}"
EndProject
Global
	GlobalSection(SolutionConfigurationPlatforms) = preSolution
		Debug|Any CPU = Debug|Any CPU
		Release|Any CPU = Release|Any CPU
	EndGlobalSection
	GlobalSection(ProjectConfigurationPlatforms) = postSolution
		{0329C73C-27DF-419C-BEDC-F4AB20F043AD}.Debug|Any CPU.ActiveCfg = Debug|Any CPU
		{0329C73C-27DF-419C-BEDC-F4AB20F043AD}.Debug|Any CPU.Build.0 = Debug|Any CPU
		{0329C73C-27DF-419C-BEDC-F4AB20F043AD}.Release|Any CPU.ActiveCfg = Release|Any CPU
		{0329C73C-27DF-419C-BEDC-F4AB20F043AD}.Release|Any CPU.Build.0 = Release|Any CPU
		{3E7DEDAE-496D-4908-9E22-D7B7254D192E}.Debug|Any CPU.ActiveCfg = Debug|Any CPU
		{3E7DEDAE-496D-4908-9E22-D7B7254D192E}.Debug|Any CPU.Build.0 = Debug|Any CPU
		{3E7DEDAE-496D-4908-9E22-D7B7254D192E}.Release|Any CPU.ActiveCfg = Release|Any CPU
		{3E7DEDAE-496D-4908-9E22-D7B7254D192E}.Release|Any CPU.Build.0 = Release|Any CPU
	EndGlobalSection
	GlobalSection(SolutionProperties) = preSolution
		HideSolutionNode = FALSE
	EndGlobalSection
	GlobalSection(ExtensibilityGlobals) = postSolution
		SolutionGuid = {9702E514-E7D7-440B-9FE4-2F4F94BE4E65}
	EndGlobalSection
EndGlobal
