
Microsoft Visual Studio Solution File, Format Version 12.00
# Visual Studio Version 17
VisualStudioVersion = 17.14.36603.0 d17.14
MinimumVisualStudioVersion = 10.0.40219.1
Project("{FAE04EC0-301F-11D3-BF4B-00C04F79EFBC}") = "DistributedCounter", "DistributedCounter\DistributedCounter.csproj", "{EAFC22C0-E5F9-4DBB-9A6A-7E67EADF6DE3}"
EndProject
Global
	GlobalSection(SolutionConfigurationPlatforms) = preSolution
		Debug|Any CPU = Debug|Any CPU
		Release|Any CPU = Release|Any CPU
	EndGlobalSection
	GlobalSection(ProjectConfigurationPlatforms) = postSolution
		{EAFC22C0-E5F9-4DBB-9A6A-7E67EADF6DE3}.Debug|Any CPU.ActiveCfg = Debug|Any CPU
		{EAFC22C0-E5F9-4DBB-9A6A-7E67EADF6DE3}.Debug|Any CPU.Build.0 = Debug|Any CPU
		{EAFC22C0-E5F9-4DBB-9A6A-7E67EADF6DE3}.Release|Any CPU.ActiveCfg = Release|Any CPU
		{EAFC22C0-E5F9-4DBB-9A6A-7E67EADF6DE3}.Release|Any CPU.Build.0 = Release|Any CPU
	EndGlobalSection
	GlobalSection(SolutionProperties) = preSolution
		HideSolutionNode = FALSE
	EndGlobalSection
	GlobalSection(ExtensibilityGlobals) = postSolution
		SolutionGuid = {5AACCFE1-F9AC-4443-82E9-7F2F72FCE414}
	EndGlobalSection
EndGlobal
