
Microsoft Visual Studio Solution File, Format Version 12.00
# Visual Studio 15
VisualStudioVersion = 15.0.27703.2035
MinimumVisualStudioVersion = 10.0.40219.1
Project("{FAE04EC0-301F-11D3-BF4B-00C04F79EFBC}") = "AsynchronousOperations", "AsynchronousOperations\AsynchronousOperations.csproj", "{C1D638A7-3D64-4899-ACAB-8937694D5095}"
EndProject
Project("{FAE04EC0-301F-11D3-BF4B-00C04F79EFBC}") = "SampleData", "..\SampleData\SampleData\SampleData.csproj", "{CE303057-BBD4-455E-B7B5-DB8C330E8D7E}"
EndProject
Global
	GlobalSection(SolutionConfigurationPlatforms) = preSolution
		Debug|Any CPU = Debug|Any CPU
		Debug|x86 = Debug|x86
		Release|Any CPU = Release|Any CPU
		Release|x86 = Release|x86
	EndGlobalSection
	GlobalSection(ProjectConfigurationPlatforms) = postSolution
		{C1D638A7-3D64-4899-ACAB-8937694D5095}.Debug|Any CPU.ActiveCfg = Debug|Any CPU
		{C1D638A7-3D64-4899-ACAB-8937694D5095}.Debug|Any CPU.Build.0 = Debug|Any CPU
		{C1D638A7-3D64-4899-ACAB-8937694D5095}.Debug|x86.ActiveCfg = Debug|Any CPU
		{C1D638A7-3D64-4899-ACAB-8937694D5095}.Debug|x86.Build.0 = Debug|Any CPU
		{C1D638A7-3D64-4899-ACAB-8937694D5095}.Release|Any CPU.ActiveCfg = Release|Any CPU
		{C1D638A7-3D64-4899-ACAB-8937694D5095}.Release|Any CPU.Build.0 = Release|Any CPU
		{C1D638A7-3D64-4899-ACAB-8937694D5095}.Release|x86.ActiveCfg = Release|Any CPU
		{C1D638A7-3D64-4899-ACAB-8937694D5095}.Release|x86.Build.0 = Release|Any CPU
		{CE303057-BBD4-455E-B7B5-DB8C330E8D7E}.Debug|Any CPU.ActiveCfg = Debug|Any CPU
		{CE303057-BBD4-455E-B7B5-DB8C330E8D7E}.Debug|Any CPU.Build.0 = Debug|Any CPU
		{CE303057-BBD4-455E-B7B5-DB8C330E8D7E}.Debug|x86.ActiveCfg = Debug|x86
		{CE303057-BBD4-455E-B7B5-DB8C330E8D7E}.Debug|x86.Build.0 = Debug|x86
		{CE303057-BBD4-455E-B7B5-DB8C330E8D7E}.Release|Any CPU.ActiveCfg = Release|Any CPU
		{CE303057-BBD4-455E-B7B5-DB8C330E8D7E}.Release|Any CPU.Build.0 = Release|Any CPU
		{CE303057-BBD4-455E-B7B5-DB8C330E8D7E}.Release|x86.ActiveCfg = Release|x86
		{CE303057-BBD4-455E-B7B5-DB8C330E8D7E}.Release|x86.Build.0 = Release|x86
	EndGlobalSection
	GlobalSection(SolutionProperties) = preSolution
		HideSolutionNode = FALSE
	EndGlobalSection
	GlobalSection(ExtensibilityGlobals) = postSolution
		SolutionGuid = {8B1C2888-5DA6-4EA3-81C0-644ADA0AA276}
	EndGlobalSection
EndGlobal
