
Microsoft Visual Studio Solution File, Format Version 12.00
# Visual Studio Version 17
VisualStudioVersion = 17.14.36603.0 d17.14
MinimumVisualStudioVersion = 10.0.40219.1
Project("{FAE04EC0-301F-11D3-BF4B-00C04F79EFBC}") = "EFCoreCaching", "EFCoreCaching\EFCoreCaching.csproj", "{F47D75CE-A38D-4F8A-B1E7-5F5F85264036}"
EndProject
Global
	GlobalSection(SolutionConfigurationPlatforms) = preSolution
		Debug|Any CPU = Debug|Any CPU
		Release|Any CPU = Release|Any CPU
	EndGlobalSection
	GlobalSection(ProjectConfigurationPlatforms) = postSolution
		{F47D75CE-A38D-4F8A-B1E7-5F5F85264036}.Debug|Any CPU.ActiveCfg = Debug|Any CPU
		{F47D75CE-A38D-4F8A-B1E7-5F5F85264036}.Debug|Any CPU.Build.0 = Debug|Any CPU
		{F47D75CE-A38D-4F8A-B1E7-5F5F85264036}.Release|Any CPU.ActiveCfg = Release|Any CPU
		{F47D75CE-A38D-4F8A-B1E7-5F5F85264036}.Release|Any CPU.Build.0 = Release|Any CPU
	EndGlobalSection
	GlobalSection(SolutionProperties) = preSolution
		HideSolutionNode = FALSE
	EndGlobalSection
	GlobalSection(ExtensibilityGlobals) = postSolution
		SolutionGuid = {26C2E33C-18DD-46FE-915D-280D7C26D98A}
	EndGlobalSection
EndGlobal
