Microsoft Visual Studio Solution File, Format Version 12.00
# Visual Studio 15
VisualStudioVersion = 15.0.27703.2026
MinimumVisualStudioVersion = 10.0.40219.1
Project("{9A19103F-16F7-4668-BE54-9A1E7A4F7556}") = "BackingSourceUsage.NetCore", "BackingSourceUsage\BackingSourceUsage.NetCore.csproj", "{240537CF-364E-49DA-8B2B-2BA6BC4FFB1E}"
EndProject
Project("{9A19103F-16F7-4668-BE54-9A1E7A4F7556}") = "BackingSourceProvider.Sql.Netcore", "Providers\Sql\BackingSourceProvider.Sql.Netcore.csproj", "{DDE948E1-5B00-4C92-A28F-981A0B59595C}"
EndProject
Project("{9A19103F-16F7-4668-BE54-9A1E7A4F7556}") = "SampleData", "..\SampleData\SampleData\SampleData.csproj", "{0E10BF94-2C01-4DAD-94CB-B44B56D9318C}"
EndProject
Global
	GlobalSection(SolutionConfigurationPlatforms) = preSolution
		Debug|Any CPU = Debug|Any CPU
		Debug|x86 = Debug|x86
		Release|Any CPU = Release|Any CPU
		Release|x86 = Release|x86
	EndGlobalSection
	GlobalSection(ProjectConfigurationPlatforms) = postSolution
		{240537CF-364E-49DA-8B2B-2BA6BC4FFB1E}.Debug|Any CPU.ActiveCfg = Debug|Any CPU
		{240537CF-364E-49DA-8B2B-2BA6BC4FFB1E}.Debug|Any CPU.Build.0 = Debug|Any CPU
		{240537CF-364E-49DA-8B2B-2BA6BC4FFB1E}.Debug|x86.ActiveCfg = Debug|Any CPU
		{240537CF-364E-49DA-8B2B-2BA6BC4FFB1E}.Debug|x86.Build.0 = Debug|Any CPU
		{240537CF-364E-49DA-8B2B-2BA6BC4FFB1E}.Release|Any CPU.ActiveCfg = Release|Any CPU
		{240537CF-364E-49DA-8B2B-2BA6BC4FFB1E}.Release|Any CPU.Build.0 = Release|Any CPU
		{240537CF-364E-49DA-8B2B-2BA6BC4FFB1E}.Release|x86.ActiveCfg = Release|Any CPU
		{240537CF-364E-49DA-8B2B-2BA6BC4FFB1E}.Release|x86.Build.0 = Release|Any CPU
		{DDE948E1-5B00-4C92-A28F-981A0B59595C}.Debug|Any CPU.ActiveCfg = Debug|Any CPU
		{DDE948E1-5B00-4C92-A28F-981A0B59595C}.Debug|Any CPU.Build.0 = Debug|Any CPU
		{DDE948E1-5B00-4C92-A28F-981A0B59595C}.Debug|x86.ActiveCfg = Debug|Any CPU
		{DDE948E1-5B00-4C92-A28F-981A0B59595C}.Debug|x86.Build.0 = Debug|Any CPU
		{DDE948E1-5B00-4C92-A28F-981A0B59595C}.Release|Any CPU.ActiveCfg = Release|Any CPU
		{DDE948E1-5B00-4C92-A28F-981A0B59595C}.Release|Any CPU.Build.0 = Release|Any CPU
		{DDE948E1-5B00-4C92-A28F-981A0B59595C}.Release|x86.ActiveCfg = Release|Any CPU
		{DDE948E1-5B00-4C92-A28F-981A0B59595C}.Release|x86.Build.0 = Release|Any CPU
		{0E10BF94-2C01-4DAD-94CB-B44B56D9318C}.Debug|Any CPU.ActiveCfg = Debug|Any CPU
		{0E10BF94-2C01-4DAD-94CB-B44B56D9318C}.Debug|Any CPU.Build.0 = Debug|Any CPU
		{0E10BF94-2C01-4DAD-94CB-B44B56D9318C}.Debug|x86.ActiveCfg = Debug|Any CPU
		{0E10BF94-2C01-4DAD-94CB-B44B56D9318C}.Debug|x86.Build.0 = Debug|Any CPU
		{0E10BF94-2C01-4DAD-94CB-B44B56D9318C}.Release|Any CPU.ActiveCfg = Release|Any CPU
		{0E10BF94-2C01-4DAD-94CB-B44B56D9318C}.Release|Any CPU.Build.0 = Release|Any CPU
		{0E10BF94-2C01-4DAD-94CB-B44B56D9318C}.Release|x86.ActiveCfg = Release|Any CPU
		{0E10BF94-2C01-4DAD-94CB-B44B56D9318C}.Release|x86.Build.0 = Release|Any CPU
	EndGlobalSection
	GlobalSection(SolutionProperties) = preSolution
		HideSolutionNode = FALSE
	EndGlobalSection
	GlobalSection(ExtensibilityGlobals) = postSolution
		SolutionGuid = {C9F8DD07-2798-4B66-B812-06D1113E57F0}
	EndGlobalSection
EndGlobal
