
Microsoft Visual Studio Solution File, Format Version 12.00
# Visual Studio Version 17
VisualStudioVersion = 17.14.36603.0
MinimumVisualStudioVersion = 10.0.40219.1
Project("{FAE04EC0-301F-11D3-BF4B-00C04F79EFBC}") = "LoaderRefresherLib", "LoaderRefresherLib\LoaderRefresherLib.csproj", "{F5A79EE5-E49E-4625-8E32-660C986C9BD6}"
EndProject
Project("{FAE04EC0-301F-11D3-BF4B-00C04F79EFBC}") = "SampleData", "..\SampleData\SampleData\SampleData.csproj", "{C395576A-5402-22A0-5EF0-84C9C4E3EB05}"
EndProject
Project("{FAE04EC0-301F-11D3-BF4B-00C04F79EFBC}") = "LoaderRefresherUsage", "LoaderRefresherUsage\LoaderRefresherUsage.csproj", "{950DC7AB-E6D7-4708-8AD6-C8BEC1070909}"
EndProject
Global
	GlobalSection(SolutionConfigurationPlatforms) = preSolution
		Debug|Any CPU = Debug|Any CPU
		Release|Any CPU = Release|Any CPU
	EndGlobalSection
	GlobalSection(ProjectConfigurationPlatforms) = postSolution
		{F5A79EE5-E49E-4625-8E32-660C986C9BD6}.Debug|Any CPU.ActiveCfg = Debug|Any CPU
		{F5A79EE5-E49E-4625-8E32-660C986C9BD6}.Debug|Any CPU.Build.0 = Debug|Any CPU
		{F5A79EE5-E49E-4625-8E32-660C986C9BD6}.Release|Any CPU.ActiveCfg = Release|Any CPU
		{F5A79EE5-E49E-4625-8E32-660C986C9BD6}.Release|Any CPU.Build.0 = Release|Any CPU
		{C395576A-5402-22A0-5EF0-84C9C4E3EB05}.Debug|Any CPU.ActiveCfg = Debug|Any CPU
		{C395576A-5402-22A0-5EF0-84C9C4E3EB05}.Debug|Any CPU.Build.0 = Debug|Any CPU
		{C395576A-5402-22A0-5EF0-84C9C4E3EB05}.Release|Any CPU.ActiveCfg = Release|Any CPU
		{C395576A-5402-22A0-5EF0-84C9C4E3EB05}.Release|Any CPU.Build.0 = Release|Any CPU
		{950DC7AB-E6D7-4708-8AD6-C8BEC1070909}.Debug|Any CPU.ActiveCfg = Debug|Any CPU
		{950DC7AB-E6D7-4708-8AD6-C8BEC1070909}.Debug|Any CPU.Build.0 = Debug|Any CPU
		{950DC7AB-E6D7-4708-8AD6-C8BEC1070909}.Release|Any CPU.ActiveCfg = Release|Any CPU
		{950DC7AB-E6D7-4708-8AD6-C8BEC1070909}.Release|Any CPU.Build.0 = Release|Any CPU
	EndGlobalSection
	GlobalSection(SolutionProperties) = preSolution
		HideSolutionNode = FALSE
	EndGlobalSection
	GlobalSection(ExtensibilityGlobals) = postSolution
		SolutionGuid = {2E4CE143-8769-47AC-9A4A-3525399BE4D8}
	EndGlobalSection
EndGlobal
