
Microsoft Visual Studio Solution File, Format Version 12.00
# Visual Studio Version 17
VisualStudioVersion = 17.14.36705.20 d17.14
MinimumVisualStudioVersion = 10.0.40219.1
Project("{FAE04EC0-301F-11D3-BF4B-00C04F79EFBC}") = "ViewState", "ViewState\ViewState.csproj", "{98D7C6A4-9EDB-4CF7-A30C-C84661978BC5}"
EndProject
Global
	GlobalSection(SolutionConfigurationPlatforms) = preSolution
		Debug|Any CPU = Debug|Any CPU
		Release|Any CPU = Release|Any CPU
	EndGlobalSection
	GlobalSection(ProjectConfigurationPlatforms) = postSolution
		{98D7C6A4-9EDB-4CF7-A30C-C84661978BC5}.Debug|Any CPU.ActiveCfg = Debug|Any CPU
		{98D7C6A4-9EDB-4CF7-A30C-C84661978BC5}.Debug|Any CPU.Build.0 = Debug|Any CPU
		{98D7C6A4-9EDB-4CF7-A30C-C84661978BC5}.Release|Any CPU.ActiveCfg = Release|Any CPU
		{98D7C6A4-9EDB-4CF7-A30C-C84661978BC5}.Release|Any CPU.Build.0 = Release|Any CPU
	EndGlobalSection
	GlobalSection(SolutionProperties) = preSolution
		HideSolutionNode = FALSE
	EndGlobalSection
	GlobalSection(ExtensibilityGlobals) = postSolution
		SolutionGuid = {262370EC-1B83-4AE9-9D97-13A8858AA669}
	EndGlobalSection
EndGlobal
