
Microsoft Visual Studio Solution File, Format Version 12.00
# Visual Studio Version 16
VisualStudioVersion = 16.0.31624.102
MinimumVisualStudioVersion = 10.0.40219.1
Project("{FAE04EC0-301F-11D3-BF4B-00C04F79EFBC}") = "SearchUsingSQL", "SearchUsingSQL\SearchUsingSQL.csproj", "{4D8FA35A-9C21-4428-84C6-BD19D9B49F42}"
EndProject
Project("{FAE04EC0-301F-11D3-BF4B-00C04F79EFBC}") = "SampleData", "..\SampleData\SampleData\SampleData.csproj", "{CE303057-BBD4-455E-B7B5-DB8C330E8D7E}"
EndProject
Global
	GlobalSection(SolutionConfigurationPlatforms) = preSolution
		Debug|Any CPU = Debug|Any CPU
		Debug|x86 = Debug|x86
		Release|Any CPU = Release|Any CPU
		Release|x86 = Release|x86
	EndGlobalSection
	GlobalSection(ProjectConfigurationPlatforms) = postSolution
		{4D8FA35A-9C21-4428-84C6-BD19D9B49F42}.Debug|Any CPU.ActiveCfg = Debug|Any CPU
		{4D8FA35A-9C21-4428-84C6-BD19D9B49F42}.Debug|Any CPU.Build.0 = Debug|Any CPU
		{4D8FA35A-9C21-4428-84C6-BD19D9B49F42}.Debug|x86.ActiveCfg = Debug|x86
		{4D8FA35A-9C21-4428-84C6-BD19D9B49F42}.Debug|x86.Build.0 = Debug|x86
		{4D8FA35A-9C21-4428-84C6-BD19D9B49F42}.Release|Any CPU.ActiveCfg = Release|Any CPU
		{4D8FA35A-9C21-4428-84C6-BD19D9B49F42}.Release|Any CPU.Build.0 = Release|Any CPU
		{4D8FA35A-9C21-4428-84C6-BD19D9B49F42}.Release|x86.ActiveCfg = Release|x86
		{4D8FA35A-9C21-4428-84C6-BD19D9B49F42}.Release|x86.Build.0 = Release|x86
		{CE303057-BBD4-455E-B7B5-DB8C330E8D7E}.Debug|Any CPU.ActiveCfg = Debug|Any CPU
		{CE303057-BBD4-455E-B7B5-DB8C330E8D7E}.Debug|Any CPU.Build.0 = Debug|Any CPU
		{CE303057-BBD4-455E-B7B5-DB8C330E8D7E}.Debug|x86.ActiveCfg = Debug|x86
		{CE303057-BBD4-455E-B7B5-DB8C330E8D7E}.Debug|x86.Build.0 = Debug|x86
		{CE303057-BBD4-455E-B7B5-DB8C330E8D7E}.Release|Any CPU.ActiveCfg = Release|Any CPU
		{CE303057-BBD4-455E-B7B5-DB8C330E8D7E}.Release|Any CPU.Build.0 = Release|Any CPU
		{CE303057-BBD4-455E-B7B5-DB8C330E8D7E}.Release|x86.ActiveCfg = Release|x86
		{CE303057-BBD4-455E-B7B5-DB8C330E8D7E}.Release|x86.Build.0 = Release|x86
	EndGlobalSection
	GlobalSection(SolutionProperties) = preSolution
		HideSolutionNode = FALSE
	EndGlobalSection
	GlobalSection(ExtensibilityGlobals) = postSolution
		SolutionGuid = {44B9FB14-F7BA-4F8E-BF7C-1AA27D397FCA}
	EndGlobalSection
EndGlobal
