
Microsoft Visual Studio Solution File, Format Version 12.00
# Visual Studio Version 17
VisualStudioVersion = 17.14.36603.0 d17.14
MinimumVisualStudioVersion = 10.0.40219.1
Project("{FAE04EC0-301F-11D3-BF4B-00C04F79EFBC}") = "IDistributedCache", "IDistributedCache\IDistributedCache.csproj", "{AB86C1C2-54F7-4BAB-B3D5-5E6A9E8AA9B6}"
EndProject
Global
	GlobalSection(SolutionConfigurationPlatforms) = preSolution
		Debug|Any CPU = Debug|Any CPU
		Release|Any CPU = Release|Any CPU
	EndGlobalSection
	GlobalSection(ProjectConfigurationPlatforms) = postSolution
		{AB86C1C2-54F7-4BAB-B3D5-5E6A9E8AA9B6}.Debug|Any CPU.ActiveCfg = Debug|Any CPU
		{AB86C1C2-54F7-4BAB-B3D5-5E6A9E8AA9B6}.Debug|Any CPU.Build.0 = Debug|Any CPU
		{AB86C1C2-54F7-4BAB-B3D5-5E6A9E8AA9B6}.Release|Any CPU.ActiveCfg = Release|Any CPU
		{AB86C1C2-54F7-4BAB-B3D5-5E6A9E8AA9B6}.Release|Any CPU.Build.0 = Release|Any CPU
	EndGlobalSection
	GlobalSection(SolutionProperties) = preSolution
		HideSolutionNode = FALSE
	EndGlobalSection
	GlobalSection(ExtensibilityGlobals) = postSolution
		SolutionGuid = {8030429E-6296-4374-BF27-B4B7E39D03FE}
	EndGlobalSection
EndGlobal
