
Microsoft Visual Studio Solution File, Format Version 12.00
# Visual Studio 15
VisualStudioVersion = 15.0.26730.3
MinimumVisualStudioVersion = 10.0.40219.1
Project("{9A19103F-16F7-4668-BE54-9A1E7A4F7556}") = "CompactSerializationUsage.NetCore", "CompactSerializationUsage\CompactSerializationUsage.NetCore.csproj", "{A192624B-271C-42F4-8E49-87573DB8A0CB}"
EndProject
Project("{9A19103F-16F7-4668-BE54-9A1E7A4F7556}") = "CompactSerializationImpl.NetCore", "CompactSerializationImpl\CompactSerializationImpl.NetCore.csproj", "{5773501E-D0B2-44CA-9140-91626C78A8DD}"
EndProject
Global
	GlobalSection(SolutionConfigurationPlatforms) = preSolution
		Debug|Any CPU = Debug|Any CPU
		Release|Any CPU = Release|Any CPU
	EndGlobalSection
	GlobalSection(ProjectConfigurationPlatforms) = postSolution
		{5773501E-D0B2-44CA-9140-91626C78A8DD}.Debug|Any CPU.ActiveCfg = Debug|Any CPU
		{5773501E-D0B2-44CA-9140-91626C78A8DD}.Debug|Any CPU.Build.0 = Debug|Any CPU
		{5773501E-D0B2-44CA-9140-91626C78A8DD}.Release|Any CPU.ActiveCfg = Release|Any CPU
		{5773501E-D0B2-44CA-9140-91626C78A8DD}.Release|Any CPU.Build.0 = Release|Any CPU
		{A192624B-271C-42F4-8E49-87573DB8A0CB}.Debug|Any CPU.ActiveCfg = Debug|Any CPU
		{A192624B-271C-42F4-8E49-87573DB8A0CB}.Debug|Any CPU.Build.0 = Debug|Any CPU
		{A192624B-271C-42F4-8E49-87573DB8A0CB}.Release|Any CPU.ActiveCfg = Release|Any CPU
		{A192624B-271C-42F4-8E49-87573DB8A0CB}.Release|Any CPU.Build.0 = Release|Any CPU
	EndGlobalSection
	GlobalSection(SolutionProperties) = preSolution
		HideSolutionNode = FALSE
	EndGlobalSection
	GlobalSection(ExtensibilityGlobals) = postSolution
		SolutionGuid = {6854F7A5-69EC-43D4-9C66-0D3A5A6C493F}
	EndGlobalSection
EndGlobal
