
Microsoft Visual Studio Solution File, Format Version 12.00
# Visual Studio 15
VisualStudioVersion = 15.0.28307.645
MinimumVisualStudioVersion = 10.0.40219.1
Project("{9A19103F-16F7-4668-BE54-9A1E7A4F7556}") = "SignalRChat", "SignalRChat\SignalRChat.csproj", "{7FECCCCB-24B8-4515-907D-69F16C10C6FA}"
EndProject
Global
	GlobalSection(SolutionConfigurationPlatforms) = preSolution
		Debug|Any CPU = Debug|Any CPU
		Release|Any CPU = Release|Any CPU
	EndGlobalSection
	GlobalSection(ProjectConfigurationPlatforms) = postSolution
		{7FECCCCB-24B8-4515-907D-69F16C10C6FA}.Debug|Any CPU.ActiveCfg = Debug|Any CPU
		{7FECCCCB-24B8-4515-907D-69F16C10C6FA}.Debug|Any CPU.Build.0 = Debug|Any CPU
		{7FECCCCB-24B8-4515-907D-69F16C10C6FA}.Release|Any CPU.ActiveCfg = Release|Any CPU
		{7FECCCCB-24B8-4515-907D-69F16C10C6FA}.Release|Any CPU.Build.0 = Release|Any CPU
	EndGlobalSection
	GlobalSection(SolutionProperties) = preSolution
		HideSolutionNode = FALSE
	EndGlobalSection
	GlobalSection(ExtensibilityGlobals) = postSolution
		SolutionGuid = {62D43E45-F691-4870-8AAD-4C5C2B18900A}
	EndGlobalSection
EndGlobal
