
Microsoft Visual Studio Solution File, Format Version 12.00
# Visual Studio Version 17
VisualStudioVersion = 17.14.36327.8
MinimumVisualStudioVersion = 10.0.40219.1
Project("{FAE04EC0-301F-11D3-BF4B-00C04F79EFBC}") = "GameNetFramework", "GameNetFramework\GameNetFramework.csproj", "{E736E3C1-3312-4AFB-9DC0-A73B224C029F}"
EndProject
Project("{FAE04EC0-301F-11D3-BF4B-00C04F79EFBC}") = "GameNetFramework_Companion", "GameNetFramework_Companion\GameNetFramework_Companion.csproj", "{576EE9EE-573D-46A5-80BF-E12604B181A3}"
EndProject
Global
	GlobalSection(SolutionConfigurationPlatforms) = preSolution
		Debug|Any CPU = Debug|Any CPU
		Release|Any CPU = Release|Any CPU
	EndGlobalSection
	GlobalSection(ProjectConfigurationPlatforms) = postSolution
		{E736E3C1-3312-4AFB-9DC0-A73B224C029F}.Debug|Any CPU.ActiveCfg = Debug|Any CPU
		{E736E3C1-3312-4AFB-9DC0-A73B224C029F}.Debug|Any CPU.Build.0 = Debug|Any CPU
		{E736E3C1-3312-4AFB-9DC0-A73B224C029F}.Release|Any CPU.ActiveCfg = Release|Any CPU
		{E736E3C1-3312-4AFB-9DC0-A73B224C029F}.Release|Any CPU.Build.0 = Release|Any CPU
		{576EE9EE-573D-46A5-80BF-E12604B181A3}.Debug|Any CPU.ActiveCfg = Debug|Any CPU
		{576EE9EE-573D-46A5-80BF-E12604B181A3}.Debug|Any CPU.Build.0 = Debug|Any CPU
		{576EE9EE-573D-46A5-80BF-E12604B181A3}.Release|Any CPU.ActiveCfg = Release|Any CPU
		{576EE9EE-573D-46A5-80BF-E12604B181A3}.Release|Any CPU.Build.0 = Release|Any CPU
	EndGlobalSection
	GlobalSection(SolutionProperties) = preSolution
		HideSolutionNode = FALSE
	EndGlobalSection
	GlobalSection(ExtensibilityGlobals) = postSolution
		SolutionGuid = {96C252C3-4B82-4736-97EA-673E148596BC}
	EndGlobalSection
EndGlobal
