
Microsoft Visual Studio Solution File, Format Version 12.00
# Visual Studio Version 16
VisualStudioVersion = 16.0.31624.102
MinimumVisualStudioVersion = 10.0.40219.1
Project("{FAE04EC0-301F-11D3-BF4B-00C04F79EFBC}") = "KeyDependency", "KeyDependency\KeyDependency.csproj", "{0F159A95-CF81-484F-BA6F-997B0B8E50BC}"
EndProject
Project("{FAE04EC0-301F-11D3-BF4B-00C04F79EFBC}") = "SampleData", "..\..\SampleData\SampleData\SampleData.csproj", "{CE303057-BBD4-455E-B7B5-DB8C330E8D7E}"
EndProject
Global
	GlobalSection(SolutionConfigurationPlatforms) = preSolution
		Debug|Any CPU = Debug|Any CPU
		Debug|x86 = Debug|x86
		Release|Any CPU = Release|Any CPU
		Release|x86 = Release|x86
	EndGlobalSection
	GlobalSection(ProjectConfigurationPlatforms) = postSolution
		{0F159A95-CF81-484F-BA6F-997B0B8E50BC}.Debug|Any CPU.ActiveCfg = Debug|Any CPU
		{0F159A95-CF81-484F-BA6F-997B0B8E50BC}.Debug|Any CPU.Build.0 = Debug|Any CPU
		{0F159A95-CF81-484F-BA6F-997B0B8E50BC}.Debug|x86.ActiveCfg = Debug|x86
		{0F159A95-CF81-484F-BA6F-997B0B8E50BC}.Debug|x86.Build.0 = Debug|x86
		{0F159A95-CF81-484F-BA6F-997B0B8E50BC}.Release|Any CPU.ActiveCfg = Release|Any CPU
		{0F159A95-CF81-484F-BA6F-997B0B8E50BC}.Release|Any CPU.Build.0 = Release|Any CPU
		{0F159A95-CF81-484F-BA6F-997B0B8E50BC}.Release|x86.ActiveCfg = Release|x86
		{0F159A95-CF81-484F-BA6F-997B0B8E50BC}.Release|x86.Build.0 = Release|x86
		{CE303057-BBD4-455E-B7B5-DB8C330E8D7E}.Debug|Any CPU.ActiveCfg = Debug|Any CPU
		{CE303057-BBD4-455E-B7B5-DB8C330E8D7E}.Debug|Any CPU.Build.0 = Debug|Any CPU
		{CE303057-BBD4-455E-B7B5-DB8C330E8D7E}.Debug|x86.ActiveCfg = Debug|x86
		{CE303057-BBD4-455E-B7B5-DB8C330E8D7E}.Debug|x86.Build.0 = Debug|x86
		{CE303057-BBD4-455E-B7B5-DB8C330E8D7E}.Release|Any CPU.ActiveCfg = Release|Any CPU
		{CE303057-BBD4-455E-B7B5-DB8C330E8D7E}.Release|Any CPU.Build.0 = Release|Any CPU
		{CE303057-BBD4-455E-B7B5-DB8C330E8D7E}.Release|x86.ActiveCfg = Release|x86
		{CE303057-BBD4-455E-B7B5-DB8C330E8D7E}.Release|x86.Build.0 = Release|x86
	EndGlobalSection
	GlobalSection(SolutionProperties) = preSolution
		HideSolutionNode = FALSE
	EndGlobalSection
	GlobalSection(ExtensibilityGlobals) = postSolution
		SolutionGuid = {6858BAF5-E5F1-4DFD-935E-A66F69F2D02C}
	EndGlobalSection
EndGlobal
