
Microsoft Visual Studio Solution File, Format Version 12.00
# Visual Studio Version 16
VisualStudioVersion = 16.0.29318.209
MinimumVisualStudioVersion = 10.0.40219.1
Project("{9A19103F-16F7-4668-BE54-9A1E7A4F7556}") = "CustomDependencyBulkUsage", "CustomDependencyBulkUsage\CustomDependencyBulkUsage.csproj", "{02AB2D34-6B4B-4645-9EA6-32266C83DD23}"
EndProject
Project("{9A19103F-16F7-4668-BE54-9A1E7A4F7556}") = "CustomDependencyBulkImpl", "CustomDependencyBulkImpl\CustomDependencyBulkImpl.csproj", "{B183BADB-C375-44F7-95D0-C7190BC93108}"
EndProject
Project("{9A19103F-16F7-4668-BE54-9A1E7A4F7556}") = "SampleData", "..\..\SampleData\SampleData\SampleData.csproj", "{CE303057-BBD4-455E-B7B5-DB8C330E8D7E}"
EndProject
Global
	GlobalSection(SolutionConfigurationPlatforms) = preSolution
		Debug|Any CPU = Debug|Any CPU
		Release|Any CPU = Release|Any CPU
	EndGlobalSection
	GlobalSection(ProjectConfigurationPlatforms) = postSolution
		{02AB2D34-6B4B-4645-9EA6-32266C83DD23}.Debug|Any CPU.ActiveCfg = Debug|Any CPU
		{02AB2D34-6B4B-4645-9EA6-32266C83DD23}.Debug|Any CPU.Build.0 = Debug|Any CPU
		{02AB2D34-6B4B-4645-9EA6-32266C83DD23}.Release|Any CPU.ActiveCfg = Release|Any CPU
		{02AB2D34-6B4B-4645-9EA6-32266C83DD23}.Release|Any CPU.Build.0 = Release|Any CPU
		{B183BADB-C375-44F7-95D0-C7190BC93108}.Debug|Any CPU.ActiveCfg = Debug|Any CPU
		{B183BADB-C375-44F7-95D0-C7190BC93108}.Debug|Any CPU.Build.0 = Debug|Any CPU
		{B183BADB-C375-44F7-95D0-C7190BC93108}.Release|Any CPU.ActiveCfg = Release|Any CPU
		{B183BADB-C375-44F7-95D0-C7190BC93108}.Release|Any CPU.Build.0 = Release|Any CPU
		{CE303057-BBD4-455E-B7B5-DB8C330E8D7E}.Debug|Any CPU.ActiveCfg = Debug|Any CPU
		{CE303057-BBD4-455E-B7B5-DB8C330E8D7E}.Debug|Any CPU.Build.0 = Debug|Any CPU
		{CE303057-BBD4-455E-B7B5-DB8C330E8D7E}.Release|Any CPU.ActiveCfg = Release|Any CPU
		{CE303057-BBD4-455E-B7B5-DB8C330E8D7E}.Release|Any CPU.Build.0 = Release|Any CPU
	EndGlobalSection
	GlobalSection(SolutionProperties) = preSolution
		HideSolutionNode = FALSE
	EndGlobalSection
	GlobalSection(ExtensibilityGlobals) = postSolution
		SolutionGuid = {5556B911-F197-4F82-A19B-CEAE08A74211}
	EndGlobalSection
EndGlobal
