
Microsoft Visual Studio Solution File, Format Version 12.00
# Visual Studio 15
VisualStudioVersion = 15.0.28010.0
MinimumVisualStudioVersion = 10.0.40219.1
Project("{9A19103F-16F7-4668-BE54-9A1E7A4F7556}") = "DistributedList", "DistributedList\DistributedList.csproj", "{C8182D93-794E-4FDA-A3DD-955DD6000D69}"
EndProject
Project("{9A19103F-16F7-4668-BE54-9A1E7A4F7556}") = "SampleData", "..\..\SampleData\SampleData\SampleData.csproj", "{4ED4D83F-6C23-4DBF-BF00-CFDEFF0EECAC}"
EndProject
Global
	GlobalSection(SolutionConfigurationPlatforms) = preSolution
		Debug|Any CPU = Debug|Any CPU
		Release|Any CPU = Release|Any CPU
	EndGlobalSection
	GlobalSection(ProjectConfigurationPlatforms) = postSolution
		{C8182D93-794E-4FDA-A3DD-955DD6000D69}.Debug|Any CPU.ActiveCfg = Debug|Any CPU
		{C8182D93-794E-4FDA-A3DD-955DD6000D69}.Debug|Any CPU.Build.0 = Debug|Any CPU
		{C8182D93-794E-4FDA-A3DD-955DD6000D69}.Release|Any CPU.ActiveCfg = Release|Any CPU
		{C8182D93-794E-4FDA-A3DD-955DD6000D69}.Release|Any CPU.Build.0 = Release|Any CPU
		{4ED4D83F-6C23-4DBF-BF00-CFDEFF0EECAC}.Debug|Any CPU.ActiveCfg = Debug|Any CPU
		{4ED4D83F-6C23-4DBF-BF00-CFDEFF0EECAC}.Debug|Any CPU.Build.0 = Debug|Any CPU
		{4ED4D83F-6C23-4DBF-BF00-CFDEFF0EECAC}.Release|Any CPU.ActiveCfg = Release|Any CPU
		{4ED4D83F-6C23-4DBF-BF00-CFDEFF0EECAC}.Release|Any CPU.Build.0 = Release|Any CPU
	EndGlobalSection
	GlobalSection(SolutionProperties) = preSolution
		HideSolutionNode = FALSE
	EndGlobalSection
	GlobalSection(ExtensibilityGlobals) = postSolution
		SolutionGuid = {164C12F3-8FC0-4B35-8DFA-EF1D7FBCD48F}
	EndGlobalSection
EndGlobal
