
Microsoft Visual Studio Solution File, Format Version 12.00
# Visual Studio Version 16
VisualStudioVersion = 16.0.31624.102
MinimumVisualStudioVersion = 10.0.40219.1
Project("{FAE04EC0-301F-11D3-BF4B-00C04F79EFBC}") = "GroupsAndTags", "GroupsAndTags\GroupsAndTags.csproj", "{935870E8-6D22-49FA-83B2-508A57A93953}"
	ProjectSection(ProjectDependencies) = postProject
		{CE303057-BBD4-455E-B7B5-DB8C330E8D7E} = {CE303057-BBD4-455E-B7B5-DB8C330E8D7E}
	EndProjectSection
EndProject
Project("{FAE04EC0-301F-11D3-BF4B-00C04F79EFBC}") = "SampleData", "..\SampleData\SampleData\SampleData.csproj", "{CE303057-BBD4-455E-B7B5-DB8C330E8D7E}"
EndProject
Global
	GlobalSection(SolutionConfigurationPlatforms) = preSolution
		Debug|Any CPU = Debug|Any CPU
		Debug|x86 = Debug|x86
		Release|Any CPU = Release|Any CPU
		Release|x86 = Release|x86
	EndGlobalSection
	GlobalSection(ProjectConfigurationPlatforms) = postSolution
		{935870E8-6D22-49FA-83B2-508A57A93953}.Debug|Any CPU.ActiveCfg = Debug|Any CPU
		{935870E8-6D22-49FA-83B2-508A57A93953}.Debug|Any CPU.Build.0 = Debug|Any CPU
		{935870E8-6D22-49FA-83B2-508A57A93953}.Debug|x86.ActiveCfg = Debug|x86
		{935870E8-6D22-49FA-83B2-508A57A93953}.Debug|x86.Build.0 = Debug|x86
		{935870E8-6D22-49FA-83B2-508A57A93953}.Release|Any CPU.ActiveCfg = Release|Any CPU
		{935870E8-6D22-49FA-83B2-508A57A93953}.Release|Any CPU.Build.0 = Release|Any CPU
		{935870E8-6D22-49FA-83B2-508A57A93953}.Release|x86.ActiveCfg = Release|x86
		{935870E8-6D22-49FA-83B2-508A57A93953}.Release|x86.Build.0 = Release|x86
		{CE303057-BBD4-455E-B7B5-DB8C330E8D7E}.Debug|Any CPU.ActiveCfg = Debug|Any CPU
		{CE303057-BBD4-455E-B7B5-DB8C330E8D7E}.Debug|Any CPU.Build.0 = Debug|Any CPU
		{CE303057-BBD4-455E-B7B5-DB8C330E8D7E}.Debug|x86.ActiveCfg = Debug|x86
		{CE303057-BBD4-455E-B7B5-DB8C330E8D7E}.Debug|x86.Build.0 = Debug|x86
		{CE303057-BBD4-455E-B7B5-DB8C330E8D7E}.Release|Any CPU.ActiveCfg = Release|Any CPU
		{CE303057-BBD4-455E-B7B5-DB8C330E8D7E}.Release|Any CPU.Build.0 = Release|Any CPU
		{CE303057-BBD4-455E-B7B5-DB8C330E8D7E}.Release|x86.ActiveCfg = Release|x86
		{CE303057-BBD4-455E-B7B5-DB8C330E8D7E}.Release|x86.Build.0 = Release|x86
	EndGlobalSection
	GlobalSection(SolutionProperties) = preSolution
		HideSolutionNode = FALSE
	EndGlobalSection
	GlobalSection(ExtensibilityGlobals) = postSolution
		SolutionGuid = {CA1543BF-8EFA-46AF-B0C6-5B2ECC7C10D4}
	EndGlobalSection
EndGlobal
