
Microsoft Visual Studio Solution File, Format Version 11.00
# Visual Studio 2010
Project("{FAE04EC0-301F-11D3-BF4B-00C04F79EFBC}") = "Streaming", "Streaming\Streaming.csproj", "{D98C21CD-3284-4B5F-873F-7BB51AE1A00A}"
EndProject
Global
	GlobalSection(SolutionConfigurationPlatforms) = preSolution
		Debug|Any CPU = Debug|Any CPU
		Debug|x86 = Debug|x86
		Release|Any CPU = Release|Any CPU
		Release|x86 = Release|x86
	EndGlobalSection
	GlobalSection(ProjectConfigurationPlatforms) = postSolution
		{D98C21CD-3284-4B5F-873F-7BB51AE1A00A}.Debug|Any CPU.ActiveCfg = Debug|Any CPU
		{D98C21CD-3284-4B5F-873F-7BB51AE1A00A}.Debug|Any CPU.Build.0 = Debug|Any CPU
		{D98C21CD-3284-4B5F-873F-7BB51AE1A00A}.Debug|x86.ActiveCfg = Debug|Any CPU
		{D98C21CD-3284-4B5F-873F-7BB51AE1A00A}.Debug|x86.Build.0 = Debug|Any CPU
		{D98C21CD-3284-4B5F-873F-7BB51AE1A00A}.Release|Any CPU.ActiveCfg = Release|x86
		{D98C21CD-3284-4B5F-873F-7BB51AE1A00A}.Release|Any CPU.Build.0 = Release|x86
		{D98C21CD-3284-4B5F-873F-7BB51AE1A00A}.Release|x86.ActiveCfg = Release|x86
		{D98C21CD-3284-4B5F-873F-7BB51AE1A00A}.Release|x86.Build.0 = Release|x86
	EndGlobalSection
	GlobalSection(SolutionProperties) = preSolution
		HideSolutionNode = FALSE
	EndGlobalSection
EndGlobal
