
Microsoft Visual Studio Solution File, Format Version 12.00
# Visual Studio Version 17
VisualStudioVersion = 17.14.36414.22
MinimumVisualStudioVersion = 10.0.40219.1
Project("{FAE04EC0-301F-11D3-BF4B-00C04F79EFBC}") = "CacheItemLocking", "CacheItemLocking\CacheItemLocking.csproj", "{E37CBED0-4E29-474C-9D09-A100910004A5}"
EndProject
Project("{FAE04EC0-301F-11D3-BF4B-00C04F79EFBC}") = "SampleData", "..\SampleData\SampleData\SampleData.csproj", "{C395576A-5402-22A0-5EF0-84C9C4E3EB05}"
EndProject
Global
	GlobalSection(SolutionConfigurationPlatforms) = preSolution
		Debug|Any CPU = Debug|Any CPU
		Release|Any CPU = Release|Any CPU
	EndGlobalSection
	GlobalSection(ProjectConfigurationPlatforms) = postSolution
		{E37CBED0-4E29-474C-9D09-A100910004A5}.Debug|Any CPU.ActiveCfg = Debug|Any CPU
		{E37CBED0-4E29-474C-9D09-A100910004A5}.Debug|Any CPU.Build.0 = Debug|Any CPU
		{E37CBED0-4E29-474C-9D09-A100910004A5}.Release|Any CPU.ActiveCfg = Release|Any CPU
		{E37CBED0-4E29-474C-9D09-A100910004A5}.Release|Any CPU.Build.0 = Release|Any CPU
		{C395576A-5402-22A0-5EF0-84C9C4E3EB05}.Debug|Any CPU.ActiveCfg = Debug|Any CPU
		{C395576A-5402-22A0-5EF0-84C9C4E3EB05}.Debug|Any CPU.Build.0 = Debug|Any CPU
		{C395576A-5402-22A0-5EF0-84C9C4E3EB05}.Release|Any CPU.ActiveCfg = Release|Any CPU
		{C395576A-5402-22A0-5EF0-84C9C4E3EB05}.Release|Any CPU.Build.0 = Release|Any CPU
	EndGlobalSection
	GlobalSection(SolutionProperties) = preSolution
		HideSolutionNode = FALSE
	EndGlobalSection
	GlobalSection(ExtensibilityGlobals) = postSolution
		SolutionGuid = {3DE08371-BC3B-4DF2-BFC1-43A1674767BF}
	EndGlobalSection
EndGlobal
