
Microsoft Visual Studio Solution File, Format Version 12.00
# Visual Studio Version 16
VisualStudioVersion = 16.0.31624.102
MinimumVisualStudioVersion = 10.0.40219.1
Project("{FAE04EC0-301F-11D3-BF4B-00C04F79EFBC}") = "CompactSerializationUsage", "CompactSerializationUsage\CompactSerializationUsage.csproj", "{6467E228-9F3B-40EC-B92F-B51725614649}"
EndProject
Project("{FAE04EC0-301F-11D3-BF4B-00C04F79EFBC}") = "CompactSerializationImpl", "CompactSerializationImpl\CompactSerializationImpl.csproj", "{17FAC6C9-9FF3-42EE-ADAC-D16D02672430}"
EndProject
Global
	GlobalSection(SolutionConfigurationPlatforms) = preSolution
		Debug|Any CPU = Debug|Any CPU
		Debug|x86 = Debug|x86
		Release|Any CPU = Release|Any CPU
		Release|x86 = Release|x86
	EndGlobalSection
	GlobalSection(ProjectConfigurationPlatforms) = postSolution
		{6467E228-9F3B-40EC-B92F-B51725614649}.Debug|Any CPU.ActiveCfg = Debug|Any CPU
		{6467E228-9F3B-40EC-B92F-B51725614649}.Debug|Any CPU.Build.0 = Debug|Any CPU
		{6467E228-9F3B-40EC-B92F-B51725614649}.Debug|x86.ActiveCfg = Debug|x86
		{6467E228-9F3B-40EC-B92F-B51725614649}.Debug|x86.Build.0 = Debug|x86
		{6467E228-9F3B-40EC-B92F-B51725614649}.Release|Any CPU.ActiveCfg = Release|Any CPU
		{6467E228-9F3B-40EC-B92F-B51725614649}.Release|Any CPU.Build.0 = Release|Any CPU
		{6467E228-9F3B-40EC-B92F-B51725614649}.Release|x86.ActiveCfg = Release|x86
		{6467E228-9F3B-40EC-B92F-B51725614649}.Release|x86.Build.0 = Release|x86
		{17FAC6C9-9FF3-42EE-ADAC-D16D02672430}.Debug|Any CPU.ActiveCfg = Debug|Any CPU
		{17FAC6C9-9FF3-42EE-ADAC-D16D02672430}.Debug|Any CPU.Build.0 = Debug|Any CPU
		{17FAC6C9-9FF3-42EE-ADAC-D16D02672430}.Debug|x86.ActiveCfg = Debug|Any CPU
		{17FAC6C9-9FF3-42EE-ADAC-D16D02672430}.Release|Any CPU.ActiveCfg = Release|Any CPU
		{17FAC6C9-9FF3-42EE-ADAC-D16D02672430}.Release|Any CPU.Build.0 = Release|Any CPU
		{17FAC6C9-9FF3-42EE-ADAC-D16D02672430}.Release|x86.ActiveCfg = Release|Any CPU
	EndGlobalSection
	GlobalSection(SolutionProperties) = preSolution
		HideSolutionNode = FALSE
	EndGlobalSection
	GlobalSection(ExtensibilityGlobals) = postSolution
		SolutionGuid = {8DACB372-008F-4A9F-BA83-5969B64F6FDF}
	EndGlobalSection
EndGlobal
